Microsoft Visual Studio Solution File, Format Version 12.00
# Visual Studio Version 17
VisualStudioVersion = 17.5.2.0
MinimumVisualStudioVersion = 10.0.40219.1
Project("{FAE04EC0-301F-11D3-BF4B-00C04F79EFBC}") = "EsepWebhook", "EsepWebhook\EsepWebhook.csproj", "{DE624C5B-8A83-056E-2E46-94AC369F4993}"
EndProject
Global
	GlobalSection(SolutionConfigurationPlatforms) = preSolution
		Debug|Any CPU = Debug|Any CPU
		Release|Any CPU = Release|Any CPU
	EndGlobalSection
	GlobalSection(ProjectConfigurationPlatforms) = postSolution
		{DE624C5B-8A83-056E-2E46-94AC369F4993}.Debug|Any CPU.ActiveCfg = Debug|Any CPU
		{DE624C5B-8A83-056E-2E46-94AC369F4993}.Debug|Any CPU.Build.0 = Debug|Any CPU
		{DE624C5B-8A83-056E-2E46-94AC369F4993}.Release|Any CPU.ActiveCfg = Release|Any CPU
		{DE624C5B-8A83-056E-2E46-94AC369F4993}.Release|Any CPU.Build.0 = Release|Any CPU
	EndGlobalSection
	GlobalSection(SolutionProperties) = preSolution
		HideSolutionNode = FALSE
	EndGlobalSection
	GlobalSection(ExtensibilityGlobals) = postSolution
		SolutionGuid = {A181125D-3852-4B2D-912A-4E5859DC9F0B}
	EndGlobalSection
EndGlobal
